
Microsoft Visual Studio Solution File, Format Version 12.00
# Visual Studio Version 17
VisualStudioVersion = 17.0.31903.59
MinimumVisualStudioVersion = 10.0.40219.1
Project("{2150E333-8FDC-42A3-9474-1A3956D46DE8}") = "src", "src", "{827E0CD3-B72D-47B6-A68D-7590B98EB39B}"
EndProject
Project("{FAE04EC0-301F-11D3-BF4B-00C04F79EFBC}") = "SwitchBotController.App", "src\SwitchBotController.App\SwitchBotController.App.csproj", "{0CCCA485-5F99-482F-8E13-A6E6CDDB50C9}"
EndProject
Project("{FAE04EC0-301F-11D3-BF4B-00C04F79EFBC}") = "SwitchBotController.Core", "src\SwitchBotController.Core\SwitchBotController.Core.csproj", "{FA8DA138-D941-46E2-9753-E45E299FB914}"
EndProject
Project("{2150E333-8FDC-42A3-9474-1A3956D46DE8}") = "tests", "tests", "{0AB3BF05-4346-4AA6-1389-037BE0695223}"
EndProject
Project("{FAE04EC0-301F-11D3-BF4B-00C04F79EFBC}") = "SwitchBotController.Core.Tests", "tests\SwitchBotController.Core.Tests\SwitchBotController.Core.Tests.csproj", "{ECCCEDF3-498D-4390-A21B-E7C12315283A}"
EndProject
Global
	GlobalSection(SolutionConfigurationPlatforms) = preSolution
		Debug|Any CPU = Debug|Any CPU
		Debug|x64 = Debug|x64
		Debug|x86 = Debug|x86
		Release|Any CPU = Release|Any CPU
		Release|x64 = Release|x64
		Release|x86 = Release|x86
	EndGlobalSection
	GlobalSection(ProjectConfigurationPlatforms) = postSolution
		{0CCCA485-5F99-482F-8E13-A6E6CDDB50C9}.Debug|Any CPU.ActiveCfg = Debug|x86
		{0CCCA485-5F99-482F-8E13-A6E6CDDB50C9}.Debug|Any CPU.Build.0 = Debug|x86
		{0CCCA485-5F99-482F-8E13-A6E6CDDB50C9}.Debug|x64.ActiveCfg = Debug|x64
		{0CCCA485-5F99-482F-8E13-A6E6CDDB50C9}.Debug|x64.Build.0 = Debug|x64
		{0CCCA485-5F99-482F-8E13-A6E6CDDB50C9}.Debug|x86.ActiveCfg = Debug|x86
		{0CCCA485-5F99-482F-8E13-A6E6CDDB50C9}.Debug|x86.Build.0 = Debug|x86
		{0CCCA485-5F99-482F-8E13-A6E6CDDB50C9}.Release|Any CPU.ActiveCfg = Release|x86
		{0CCCA485-5F99-482F-8E13-A6E6CDDB50C9}.Release|Any CPU.Build.0 = Release|x86
		{0CCCA485-5F99-482F-8E13-A6E6CDDB50C9}.Release|x64.ActiveCfg = Release|x64
		{0CCCA485-5F99-482F-8E13-A6E6CDDB50C9}.Release|x64.Build.0 = Release|x64
		{0CCCA485-5F99-482F-8E13-A6E6CDDB50C9}.Release|x86.ActiveCfg = Release|x86
		{0CCCA485-5F99-482F-8E13-A6E6CDDB50C9}.Release|x86.Build.0 = Release|x86
		{FA8DA138-D941-46E2-9753-E45E299FB914}.Debug|Any CPU.ActiveCfg = Debug|Any CPU
		{FA8DA138-D941-46E2-9753-E45E299FB914}.Debug|Any CPU.Build.0 = Debug|Any CPU
		{FA8DA138-D941-46E2-9753-E45E299FB914}.Debug|x64.ActiveCfg = Debug|Any CPU
		{FA8DA138-D941-46E2-9753-E45E299FB914}.Debug|x64.Build.0 = Debug|Any CPU
		{FA8DA138-D941-46E2-9753-E45E299FB914}.Debug|x86.ActiveCfg = Debug|Any CPU
		{FA8DA138-D941-46E2-9753-E45E299FB914}.Debug|x86.Build.0 = Debug|Any CPU
		{FA8DA138-D941-46E2-9753-E45E299FB914}.Release|Any CPU.ActiveCfg = Release|Any CPU
		{FA8DA138-D941-46E2-9753-E45E299FB914}.Release|Any CPU.Build.0 = Release|Any CPU
		{FA8DA138-D941-46E2-9753-E45E299FB914}.Release|x64.ActiveCfg = Release|Any CPU
		{FA8DA138-D941-46E2-9753-E45E299FB914}.Release|x64.Build.0 = Release|Any CPU
		{FA8DA138-D941-46E2-9753-E45E299FB914}.Release|x86.ActiveCfg = Release|Any CPU
		{FA8DA138-D941-46E2-9753-E45E299FB914}.Release|x86.Build.0 = Release|Any CPU
		{ECCCEDF3-498D-4390-A21B-E7C12315283A}.Debug|Any CPU.ActiveCfg = Debug|Any CPU
		{ECCCEDF3-498D-4390-A21B-E7C12315283A}.Debug|Any CPU.Build.0 = Debug|Any CPU
		{ECCCEDF3-498D-4390-A21B-E7C12315283A}.Debug|x64.ActiveCfg = Debug|Any CPU
		{ECCCEDF3-498D-4390-A21B-E7C12315283A}.Debug|x64.Build.0 = Debug|Any CPU
		{ECCCEDF3-498D-4390-A21B-E7C12315283A}.Debug|x86.ActiveCfg = Debug|Any CPU
		{ECCCEDF3-498D-4390-A21B-E7C12315283A}.Debug|x86.Build.0 = Debug|Any CPU
		{ECCCEDF3-498D-4390-A21B-E7C12315283A}.Release|Any CPU.ActiveCfg = Release|Any CPU
		{ECCCEDF3-498D-4390-A21B-E7C12315283A}.Release|Any CPU.Build.0 = Release|Any CPU
		{ECCCEDF3-498D-4390-A21B-E7C12315283A}.Release|x64.ActiveCfg = Release|Any CPU
		{ECCCEDF3-498D-4390-A21B-E7C12315283A}.Release|x64.Build.0 = Release|Any CPU
		{ECCCEDF3-498D-4390-A21B-E7C12315283A}.Release|x86.ActiveCfg = Release|Any CPU
		{ECCCEDF3-498D-4390-A21B-E7C12315283A}.Release|x86.Build.0 = Release|Any CPU
	EndGlobalSection
	GlobalSection(SolutionProperties) = preSolution
		HideSolutionNode = FALSE
	EndGlobalSection
	GlobalSection(NestedProjects) = preSolution
		{0CCCA485-5F99-482F-8E13-A6E6CDDB50C9} = {827E0CD3-B72D-47B6-A68D-7590B98EB39B}
		{FA8DA138-D941-46E2-9753-E45E299FB914} = {827E0CD3-B72D-47B6-A68D-7590B98EB39B}
		{ECCCEDF3-498D-4390-A21B-E7C12315283A} = {0AB3BF05-4346-4AA6-1389-037BE0695223}
	EndGlobalSection
EndGlobal
